
Microsoft Visual Studio Solution File, Format Version 12.00
# Visual Studio Version 17
VisualStudioVersion = 17.9.34728.123
MinimumVisualStudioVersion = 10.0.40219.1
Project("{FAE04EC0-301F-11D3-BF4B-00C04F79EFBC}") = "BlazorEcommerce.Server", "BlazorEcommerce\Server\BlazorEcommerce.Server.csproj", "{2B162B67-4D27-4AD7-913B-64E645DC882E}"
EndProject
Project("{FAE04EC0-301F-11D3-BF4B-00C04F79EFBC}") = "BlazorEcommerce.Client", "BlazorEcommerce\Client\BlazorEcommerce.Client.csproj", "{1BC6EA12-DA6F-427D-897A-ED0652B70633}"
EndProject
Project("{FAE04EC0-301F-11D3-BF4B-00C04F79EFBC}") = "BlazorEcommerce.Shared", "BlazorEcommerce\Shared\BlazorEcommerce.Shared.csproj", "{34D4019A-09C3-4CB7-839E-309FAD095556}"
EndProject
Global
	GlobalSection(SolutionConfigurationPlatforms) = preSolution
		Debug|Any CPU = Debug|Any CPU
		Release|Any CPU = Release|Any CPU
	EndGlobalSection
	GlobalSection(ProjectConfigurationPlatforms) = postSolution
		{2B162B67-4D27-4AD7-913B-64E645DC882E}.Debug|Any CPU.ActiveCfg = Debug|Any CPU
		{2B162B67-4D27-4AD7-913B-64E645DC882E}.Debug|Any CPU.Build.0 = Debug|Any CPU
		{2B162B67-4D27-4AD7-913B-64E645DC882E}.Release|Any CPU.ActiveCfg = Release|Any CPU
		{2B162B67-4D27-4AD7-913B-64E645DC882E}.Release|Any CPU.Build.0 = Release|Any CPU
		{1BC6EA12-DA6F-427D-897A-ED0652B70633}.Debug|Any CPU.ActiveCfg = Debug|Any CPU
		{1BC6EA12-DA6F-427D-897A-ED0652B70633}.Debug|Any CPU.Build.0 = Debug|Any CPU
		{1BC6EA12-DA6F-427D-897A-ED0652B70633}.Release|Any CPU.ActiveCfg = Release|Any CPU
		{1BC6EA12-DA6F-427D-897A-ED0652B70633}.Release|Any CPU.Build.0 = Release|Any CPU
		{34D4019A-09C3-4CB7-839E-309FAD095556}.Debug|Any CPU.ActiveCfg = Debug|Any CPU
		{34D4019A-09C3-4CB7-839E-309FAD095556}.Debug|Any CPU.Build.0 = Debug|Any CPU
		{34D4019A-09C3-4CB7-839E-309FAD095556}.Release|Any CPU.ActiveCfg = Release|Any CPU
		{34D4019A-09C3-4CB7-839E-309FAD095556}.Release|Any CPU.Build.0 = Release|Any CPU
	EndGlobalSection
	GlobalSection(SolutionProperties) = preSolution
		HideSolutionNode = FALSE
	EndGlobalSection
	GlobalSection(ExtensibilityGlobals) = postSolution
		SolutionGuid = {C95BBF19-E72A-49BB-A0BA-A42274449AEC}
	EndGlobalSection
EndGlobal
